{
  "name": "monProjetReactExpress",
  "lockfileVersion": 3,
  "requires": true,
  "packages": {
    "": {
      "dependencies": {
        "mdb-ui-kit": "^7.3.1"
      }
    },
    "node_modules/mdb-ui-kit": {
      "version": "7.3.1",
      "resolved": "https://registry.npmjs.org/mdb-ui-kit/-/mdb-ui-kit-7.3.1.tgz",
      "integrity": "sha512-5DtbsyMjekXxssrmwkszYbqzBLgMMqaaBmJGJSS2YYJR3FwHD/LuKbCWa483UH/ljml1gblVA/j7vvXyLHSCsA==",
      "license": "SEE LICENSE IN <License.txt>"
    }
  }
}
